{
  "version": "3",
  "packages": {
    "specifiers": {
      "npm:@types/node": "npm:@types/node@18.16.19"
    },
    "npm": {
      "@types/node@18.16.19": {
        "integrity": "sha512-IXl7o+R9iti9eBW4Wg2hx1xQDig183jj7YLn8F7udNceyfkbn1ZxmzZXuak20gR40D7pIkIY1kYGx5VIGbaHKA==",
        "dependencies": {}
      }
    }
  },
  "redirects": {
    "https://deno.land/x/og_edge/mod.ts": "https://deno.land/x/og_edge@0.0.6/mod.ts",
    "https://esm.sh/v128/@types/react@~18.2/index.d.ts": "https://esm.sh/v128/@types/react@18.2.38/index.d.ts"
  },
  "remote": {
    "https://deno.land/x/hono@v3.11.6/client/client.ts": "ff340f58041203879972dd368b011ed130c66914f789826610869a90603406bf",
    "https://deno.land/x/hono@v3.11.6/client/index.ts": "3ff4cf246f3543f827a85a2c84d66a025ac350ee927613629bda47e854bfb7ba",
    "https://deno.land/x/hono@v3.11.6/client/types.ts": "ca165b8738d384361b927964466ecc8bc1436edad3d0414e30a28f40ba4ca496",
    "https://deno.land/x/hono@v3.11.6/client/utils.ts": "053273c002963b549d38268a1b423ac8ca211a8028bdab1ed0b781a62aa5e661",
    "https://deno.land/x/hono@v3.11.6/compose.ts": "37d6e33b7db80e4c43a0629b12fd3a1e3406e7d9e62a4bfad4b30426ea7ae4f1",
    "https://deno.land/x/hono@v3.11.6/context.ts": "5cac561498e1f4af7a355673a047f07f47349056c5167ed9aec8a20cdcac8464",
    "https://deno.land/x/hono@v3.11.6/helper.ts": "719df05d8deefb5986ccdb0051f892a837dd8b91e48cd6db43fef237153f1057",
    "https://deno.land/x/hono@v3.11.6/helper/adapter/index.ts": "eea9b4caedbfa3a3b4a020bf46c88c0171a00008cd6c10708cd85a3e39d86e62",
    "https://deno.land/x/hono@v3.11.6/helper/cookie/index.ts": "a05ce7e3bafe1f8c7f45d04abf79822716011be75904fe1aad2e99126fd985b9",
    "https://deno.land/x/hono@v3.11.6/helper/dev/index.ts": "e78ee9d96713211f957e89df180aaa48f8ce9407a938979b393a79547d7f8029",
    "https://deno.land/x/hono@v3.11.6/helper/factory/index.ts": "45c9f0a981c23d6b5e481697637b0f66fec3234aec442d0cb285048b07ed54c6",
    "https://deno.land/x/hono@v3.11.6/helper/html/index.ts": "a4ac61c54cd432e708dd019aced59273e5e053933f4804b0b5758d9916468b3e",
    "https://deno.land/x/hono@v3.11.6/helper/streaming/index.ts": "90dd4424d8d8271efd602ab7a8fcc0539a1573c98ee03e4c910bc0bbd7d20f27",
    "https://deno.land/x/hono@v3.11.6/helper/testing/index.ts": "bc49c049aa0d6426417e3d1a2f52a471a09edb1fb8610b7545eae1968e7d7874",
    "https://deno.land/x/hono@v3.11.6/hono-base.ts": "ab40351c5198cedef9e235ca0a958a161fec822b62aa7fb1eaa36559dc05e0d5",
    "https://deno.land/x/hono@v3.11.6/hono.ts": "2cc4c292e541463a4d6f83edbcea58048d203e9564ae62ec430a3d466b49a865",
    "https://deno.land/x/hono@v3.11.6/http-exception.ts": "6071df078b5f76d279684d52fe82a590f447a64ffe1b75eb5064d0c8a8d2d676",
    "https://deno.land/x/hono@v3.11.6/jsx/components.ts": "f69d385d768f2b6656615a2991514b610bfe6ac87e042fa9723d2b92dd92a62b",
    "https://deno.land/x/hono@v3.11.6/jsx/index.ts": "4e447da487478dd6f7ceda92256cdeb3fb8ca42c336b22553c279a1927594941",
    "https://deno.land/x/hono@v3.11.6/jsx/intrinsic-elements.ts": "03250beb610bda1c72017bc0912c2505ff764b7a8d869e7e4add40eb4cfec096",
    "https://deno.land/x/hono@v3.11.6/mod.ts": "90114a97be9111b348129ad0143e764a64921f60dd03b8f3da529db98a0d3a82",
    "https://deno.land/x/hono@v3.11.6/request.ts": "71a67261d14bba95e9a8b4782a1c1704d12d54a77390ce404741df15ab99a109",
    "https://deno.land/x/hono@v3.11.6/router.ts": "880316f561918fc197481755aac2165fdbe2f530b925c5357a9f98d6e2cc85c7",
    "https://deno.land/x/hono@v3.11.6/router/linear-router/index.ts": "8a2a7144c50b1f4a92d9ee99c2c396716af144c868e10608255f969695efccd0",
    "https://deno.land/x/hono@v3.11.6/router/linear-router/router.ts": "bc63e8b5bc1dabc815306d50bebd1bb5877ffa3936ba2ad7550d093c95ee6bd1",
    "https://deno.land/x/hono@v3.11.6/router/pattern-router/index.ts": "304a66c50e243872037ed41c7dd79ed0c89d815e17e172e7ad7cdc4bc07d3383",
    "https://deno.land/x/hono@v3.11.6/router/pattern-router/router.ts": "a9a5a2a182cce8c3ae82139892cc0502be7dd8f579f31e76d0302b19b338e548",
    "https://deno.land/x/hono@v3.11.6/router/reg-exp-router/index.ts": "52755829213941756159b7a963097bafde5cc4fc22b13b1c7c9184dc0512d1db",
    "https://deno.land/x/hono@v3.11.6/router/reg-exp-router/node.ts": "5b3fb80411db04c65df066e69fedb2c8c0844753c2633d703336de84d569252c",
    "https://deno.land/x/hono@v3.11.6/router/reg-exp-router/router.ts": "7f7af7ce45a4327f9ac7dbdee186f7ba9a24f2eff14c720e3f670be001e71780",
    "https://deno.land/x/hono@v3.11.6/router/reg-exp-router/trie.ts": "852ce7207e6701e47fa30889a0d2b8bfcd56d8862c97e7bc9831e0a64bd8835f",
    "https://deno.land/x/hono@v3.11.6/router/smart-router/index.ts": "74f9b4fe15ea535900f2b9b048581915f12fe94e531dd2b0032f5610e61c3bef",
    "https://deno.land/x/hono@v3.11.6/router/smart-router/router.ts": "f1848a2a1eefa316a11853ae12e749552747771fb8a11fe713ae04ea6461140b",
    "https://deno.land/x/hono@v3.11.6/router/trie-router/index.ts": "3eb75e7f71ba81801631b30de6b1f5cefb2c7239c03797e2b2cbab5085911b41",
    "https://deno.land/x/hono@v3.11.6/router/trie-router/node.ts": "3af15fa9c9994a8664a2b7a7c11233504b5bb9d4fcf7bb34cf30d7199052c39f",
    "https://deno.land/x/hono@v3.11.6/router/trie-router/router.ts": "54ced78d35676302c8fcdda4204f7bdf5a7cc907fbf9967c75674b1e394f830d",
    "https://deno.land/x/hono@v3.11.6/types.ts": "82f95c64c13c21129130d7bb383956306e19d23b3e986c02c914d7aa08808d1d",
    "https://deno.land/x/hono@v3.11.6/utils/body.ts": "7a16a6656331a96bcae57642f8d5e3912bd361cbbcc2c0d2157ecc3f218f7a92",
    "https://deno.land/x/hono@v3.11.6/utils/buffer.ts": "9066a973e64498cb262c7e932f47eed525a51677b17f90893862b7279dc0773e",
    "https://deno.land/x/hono@v3.11.6/utils/cookie.ts": "19920ba6756944aae1ad8585c3ddeaa9df479733f59d05359db096f7361e5e4b",
    "https://deno.land/x/hono@v3.11.6/utils/crypto.ts": "bda0e141bbe46d3a4a20f8fbcb6380d473b617123d9fdfa93e4499410b537acc",
    "https://deno.land/x/hono@v3.11.6/utils/html.ts": "4d2f3975238819fa756e0e51cb7090702136b1e3c54c5049694e26c62d2fcd84",
    "https://deno.land/x/hono@v3.11.6/utils/http-status.ts": "e0c4343ea7717c314dc600131e16b636c29d61cfdaf9df93b267258d1729d1a0",
    "https://deno.land/x/hono@v3.11.6/utils/stream.ts": "1789dcc73c5b0ede28f83d7d34e47ae432c20e680907cb3275a9c9187f293983",
    "https://deno.land/x/hono@v3.11.6/utils/types.ts": "41c4e7d8028f3dec43ff7c26e9498fed53d9ec7c3b47071d066b40f7b7a8ef58",
    "https://deno.land/x/hono@v3.11.6/utils/url.ts": "5fc3307ef3cb2e6f34ec2a03e3d7f2126c6a9f5f0eab677222df3f0e40bd7567",
    "https://deno.land/x/hono@v3.11.6/validator/index.ts": "6c986e8b91dcf857ecc8164a506ae8eea8665792a4ff7215471df669c632ae7c",
    "https://deno.land/x/hono@v3.11.6/validator/validator.ts": "f6139f0b6eb2040bc9f7ed4148905d5affc898235952772b2d6585fdae8d4731",
    "https://deno.land/x/og_edge@0.0.6/emoji.ts": "8571b6fcd5e425f58040e667f935c2fc7b8cf86f3570c81653be2c2ab8f6d046",
    "https://deno.land/x/og_edge@0.0.6/mod.ts": "a738261717d5d35e4270a9b22d9a4bb82cfb719a6d2325c75b2945d3d08f73d5",
    "https://deno.land/x/openai@v4.20.1/_shims/MultipartBody.ts": "fe06a56b54ae358c9cf99823096e34b36795fdba2e17513f0e9539210edd797d",
    "https://deno.land/x/openai@v4.20.1/_shims/mod.ts": "df7a905c0bd873d3dab745b9c63403594b1804131b5f533e1e72a2f2747cba74",
    "https://deno.land/x/openai@v4.20.1/core.ts": "f63dd18846582debcbf9834b944f1a65c879b6f9624466d97198291dc0915400",
    "https://deno.land/x/openai@v4.20.1/error.ts": "82962c51d5894159afc3351e31133eacad9405674ea03c8ccd5ce071b88d5ebf",
    "https://deno.land/x/openai@v4.20.1/lib/AbstractChatCompletionRunner.ts": "6b87c60ba510ab029aafa6c24a80e83cf6983b5c519bb80da52266094a66241a",
    "https://deno.land/x/openai@v4.20.1/lib/ChatCompletionRunner.ts": "3c3a7b73cd79651d3aeab78770e35c6f16daa2fe35fbcf98fc74f45498e66f73",
    "https://deno.land/x/openai@v4.20.1/lib/ChatCompletionStream.ts": "39cec326472bb4a6c469638bae96b2d594f744cda1e86983d713360648b68ac1",
    "https://deno.land/x/openai@v4.20.1/lib/ChatCompletionStreamingRunner.ts": "84dee0a2c2c174f32cbd3b8df740979ca49e4b9c765b347113627c5227325f00",
    "https://deno.land/x/openai@v4.20.1/lib/RunnableFunction.ts": "3eb14dbe7e7c56c8d14e22e758b8dd115569dba257a80de86bddce2e1e247957",
    "https://deno.land/x/openai@v4.20.1/lib/chatCompletionUtils.ts": "4991d3e698a54f8e4273eb0f1d73851f7ba549a0a32fabbcd739627677003cb9",
    "https://deno.land/x/openai@v4.20.1/lib/jsonschema.ts": "ed31a7861e19e505c43aa7612579b2739243ee8e8dd47ccb5f8908fa5ff3b5f0",
    "https://deno.land/x/openai@v4.20.1/mod.ts": "323df13276faead49d212ecbb535a4cd253ce911cdd527d514cbc3b16a92d066",
    "https://deno.land/x/openai@v4.20.1/pagination.ts": "cff578222c3cd20ba48d86ddc596b45c45f134e8e0f1fd84ee6ee7438457fecf",
    "https://deno.land/x/openai@v4.20.1/resource.ts": "ab3af12d680ecd58fad8f1ff5cd64b48314155bfbd1c4498d1cadd914f8a1316",
    "https://deno.land/x/openai@v4.20.1/resources/audio/audio.ts": "5e29281f42c8938e9ae93284fc360b4d7fa9c21cd79fe03a48e98e8b317edab0",
    "https://deno.land/x/openai@v4.20.1/resources/audio/speech.ts": "8e49ad3a136095e5276e625d5d765fa3a5152ee9fd463fece505245c90f2e419",
    "https://deno.land/x/openai@v4.20.1/resources/audio/transcriptions.ts": "3b6881e3c4ab19a0946f7bc5f91c2e64eefcf8e37fd715ab464d0dc27590df1c",
    "https://deno.land/x/openai@v4.20.1/resources/audio/translations.ts": "9785bc24a8a555e06898a029f943169934f15051862cf7e824f32defdc19d485",
    "https://deno.land/x/openai@v4.20.1/resources/beta/assistants/assistants.ts": "e53e8edb16a1c794a84148a140ddf7e64f0d8c09f557e3925e0ce4972885f7be",
    "https://deno.land/x/openai@v4.20.1/resources/beta/assistants/files.ts": "a923a0ae4f8f7a2953709ba97e7849e212c62571fd6075670ee695b5ed6eb117",
    "https://deno.land/x/openai@v4.20.1/resources/beta/beta.ts": "fbcb0b5065cd8093173544282a9208e6f6b89f66b5dbe62c420cd3ad5fa6aff8",
    "https://deno.land/x/openai@v4.20.1/resources/beta/chat/chat.ts": "27c8bfae3bd25d2c7a76e61af3bb63dbf39406ee826282fb1f1502bd5b577cd3",
    "https://deno.land/x/openai@v4.20.1/resources/beta/chat/completions.ts": "b8465a8ce4eef0321a626d7b81afba082ec00a64049fa608a75fbe4c32e16757",
    "https://deno.land/x/openai@v4.20.1/resources/beta/threads/messages/files.ts": "bd50ec629f6216944a42455ea5f9ec992885df346637f46ede3a4c71fb04246f",
    "https://deno.land/x/openai@v4.20.1/resources/beta/threads/messages/messages.ts": "34ac0d56bf22a5fe6d7853d8c921b81f35817dc76ce7875f7763101bd7449544",
    "https://deno.land/x/openai@v4.20.1/resources/beta/threads/runs/runs.ts": "119df4a929d95228f7cc7da7c360016b7e4792f0e881d2c2e93eb9918ccfec1a",
    "https://deno.land/x/openai@v4.20.1/resources/beta/threads/runs/steps.ts": "f2bf9b8d1e621f4bac680cda81d2d772262fdc36e817f7f00e07b3e3da873957",
    "https://deno.land/x/openai@v4.20.1/resources/beta/threads/threads.ts": "c38ee69e89a6ca36de824fd4b6997c77ac603aa928ffb97ea3e3614a12e34ee4",
    "https://deno.land/x/openai@v4.20.1/resources/chat/chat.ts": "e728dc93430dbfc9e0b8c8fd85586c3df7a62e19e76f8e50cd61908870307b46",
    "https://deno.land/x/openai@v4.20.1/resources/chat/completions.ts": "015a5c554fb66c235eb65d9263105599741e21b9981c193c499b6679d96ded63",
    "https://deno.land/x/openai@v4.20.1/resources/chat/mod.ts": "480cc1f33b18f1336c1a9f7901555a4f90a0e0d76fb6d584719d4d44e904b02e",
    "https://deno.land/x/openai@v4.20.1/resources/completions.ts": "0626392e82360050233b630910f2a36baad3b1bc76bba6f9c2c2f98e08a40e22",
    "https://deno.land/x/openai@v4.20.1/resources/edits.ts": "847a392dfe2d6a3614a20f46e013acaeb06e69de40a4106b012cb99f02fcfc23",
    "https://deno.land/x/openai@v4.20.1/resources/embeddings.ts": "9fb5b08e9e3ab80c05fcf49498a7658c62b3adf00a02955d21dfd6d0d63c144d",
    "https://deno.land/x/openai@v4.20.1/resources/files.ts": "ce845094c3d37267a09a81ff5f0b271e9a7816ee90a584c4d7316f577d8510a7",
    "https://deno.land/x/openai@v4.20.1/resources/fine-tunes.ts": "d4b7f4d758b0bfe6e5350d58ebe57150aa3426dc5143ec5815b4e231adffff0f",
    "https://deno.land/x/openai@v4.20.1/resources/fine-tuning/fine-tuning.ts": "c6021ccd5d6f062e6d6178882fba60fdfe51d5f54a0fd45a62d0823b21ca3314",
    "https://deno.land/x/openai@v4.20.1/resources/fine-tuning/jobs.ts": "9a619aa3f433ab24f8847129329e3d6105f4f59d4a02853e40097c1c423dcbff",
    "https://deno.land/x/openai@v4.20.1/resources/images.ts": "ac7153dd8bb7bdc93efb2ad2868a7acca5688f942936988273e23378a660a345",
    "https://deno.land/x/openai@v4.20.1/resources/mod.ts": "a2217f5ca1dfb6d64f752c673ac0348e85808cf956616571b203365ffe8e002d",
    "https://deno.land/x/openai@v4.20.1/resources/models.ts": "83f81fc5075a6ac2cdb6515014b7e9ce0d311f698ea416e8bf305573786ea809",
    "https://deno.land/x/openai@v4.20.1/resources/moderations.ts": "e3ebf9638af6c18e9a9ea875d1397580a501890ed9bd6710b2248a1b21bec30a",
    "https://deno.land/x/openai@v4.20.1/resources/shared.ts": "a3986a3bbdb8f62da18b5c96d6abef17970e08fbb6e1469917cf7c879de83220",
    "https://deno.land/x/openai@v4.20.1/streaming.ts": "f360cf909b07562330ca75470ae26eecdc35f176af424b0f74ab673a5b242782",
    "https://deno.land/x/openai@v4.20.1/uploads.ts": "96dbd9e7e7b5a9bc3ff38e81f6c1372c2cdce28b38c704cd61c7daeb5494b6f9",
    "https://deno.land/x/openai@v4.20.1/version.ts": "55cb1dcb3480047da666ac02403f7174e8b5c072c4e8483a56e4eab96da13757",
    "https://esm.sh/@resvg/resvg-wasm@2.0.0-alpha.4": "2228f9e22536353a961355a045aa2dc1d7c37ab612448322075ae120cbf1955e",
    "https://esm.sh/react@18.2.0": "8950a34a030620fce8349d6bd3913b3bdb186c5ec7968fa5ba4d054e22d78e6c",
    "https://esm.sh/satori@0.4.0": "d13a2fe55dcb3ab22e35418543560e78b3b0716aecc70a56de0632b32e611afd",
    "https://esm.sh/satori@0.4.0/wasm": "49e80a24dbb29f0f8f520e5ef53ba8a70cead2de519a3081935fe080ff44a672",
    "https://esm.sh/stable/react@18.2.0/denonext/react.mjs": "3c4f23bcfc53b256fcfaf6f834fa9f584c3bb7be667b2682c6cb6ba8ef88f8e6",
    "https://esm.sh/v135/@resvg/resvg-wasm@2.0.0-alpha.4/denonext/resvg-wasm.mjs": "3fa826b8790eeea38da20260a26abf6d4cb2c889ac03c89db4496dcb9bd885d6",
    "https://esm.sh/v135/@shuding/opentype.js@1.4.0-beta.0/denonext/opentype.mjs": "83a96319a889e45c88e1d7bb370a87c5db4b1a401279a7de642f7d489d30a0ee",
    "https://esm.sh/v135/base64-js@0.0.8/denonext/base64-js.mjs": "33fff8859bab5c840436ead1e14082f8a0490763e1cbf177d46abf57287ad943",
    "https://esm.sh/v135/camelize@1.0.1/denonext/camelize.mjs": "2267a92f6a41e681646e3cf4014829df7643070ef525de6fb2a432e70dfcf211",
    "https://esm.sh/v135/css-background-parser@0.1.0/denonext/css-background-parser.mjs": "8bcaf3c95ddd47e9cf8f45ca088cbb42f5a56bb1b2a0a1d04c647e07d5bc2f38",
    "https://esm.sh/v135/css-box-shadow@1.0.0-3/denonext/css-box-shadow.mjs": "d63628e169469210e23b6b84107526e4e9fe7e086163dd7f0cbbb3a2a57b1a56",
    "https://esm.sh/v135/css-color-keywords@1.0.0/denonext/css-color-keywords.mjs": "751fa4992522b9acd404c6fc5df295e34eec8fde87b584173c249868eae39952",
    "https://esm.sh/v135/css-to-react-native@3.2.0/denonext/css-to-react-native.mjs": "fb3b92311bab404d573f64f31b5514ded6cea549948f91a5df40849f1da82847",
    "https://esm.sh/v135/emoji-regex@10.3.0/denonext/emoji-regex.mjs": "dbcbeedb11c27180edb688fb84871701bd5fa12a85be678601bf597ab34368b9",
    "https://esm.sh/v135/linebreak@1.1.0/denonext/linebreak.mjs": "92506ad05c1bf348fe57a34cbf3caaacdeea76d104966d93176c88d7a3a23527",
    "https://esm.sh/v135/postcss-value-parser@4.2.0/denonext/postcss-value-parser.mjs": "0873445cb149a5a1d815b526f77a989991ee196cbbc578c508f44c9974d7505c",
    "https://esm.sh/v135/satori@0.4.0/denonext/satori.mjs": "69d609ff14006edb736e6c57da54f3b200a7581a7e762b6d47861b104fdbafbc",
    "https://esm.sh/v135/satori@0.4.0/denonext/wasm.js": "a3c36815d9e208bc0df27273b11dbb0587af06415e4fd5afc8c2eaa138b1729d",
    "https://esm.sh/v135/tiny-inflate@1.0.3/denonext/tiny-inflate.mjs": "b05e99b89711075c2b4b7858168f116704186a74f15b49a33cd9f637af4310ac",
    "https://esm.sh/v135/unicode-trie@2.0.0/denonext/unicode-trie.mjs": "1eed05d57f1f6d380eb8349a5cabdeaafec68b86c762a5fd762a9ac3ff3138d0",
    "https://esm.sh/v135/yoga-wasm-web@0.3.0/denonext/yoga-wasm-web.mjs": "634f6eaa8c0631a4885c0a04f438e28fd1e5cd80da6fc02e5e2df00e503400c8",
    "https://esm.sh/v135/yoga-wasm-web@0.3.3/denonext/asm.js": "5bf8284e1aa9da16ea9a5befbcc404f8f9446e04f1c3b95ee3b9fbb916eb56aa",
    "https://esm.sh/yoga-wasm-web@0.3.0": "f566dfa1099e332d826b179087bd8975fbeab4fb770d78a25d5c98afadb3f053"
  }
}
